
Microsoft Visual Studio Solution File, Format Version 12.00
# Visual Studio 15
VisualStudioVersion = 15.0.26124.0
MinimumVisualStudioVersion = 15.0.26124.0
Project("{FAE04EC0-301F-11D3-BF4B-00C04F79EFBC}") = "TodoApi", "TodoApi\TodoApi.csproj", "{C3C88927-83BC-455D-A109-00C0BCB7DE65}"
EndProject
Project("{FAE04EC0-301F-11D3-BF4B-00C04F79EFBC}") = "TodoApi.Tests", "TodoApi.Tests\TodoApi.Tests.csproj", "{2C46C2E3-013E-4429-9D4C-B82130DBFB12}"
EndProject
Global
	GlobalSection(SolutionConfigurationPlatforms) = preSolution
		Debug|Any CPU = Debug|Any CPU
		Debug|x64 = Debug|x64
		Debug|x86 = Debug|x86
		Release|Any CPU = Release|Any CPU
		Release|x64 = Release|x64
		Release|x86 = Release|x86
	EndGlobalSection
	GlobalSection(SolutionProperties) = preSolution
		HideSolutionNode = FALSE
	EndGlobalSection
	GlobalSection(ProjectConfigurationPlatforms) = postSolution
		{C3C88927-83BC-455D-A109-00C0BCB7DE65}.Debug|Any CPU.ActiveCfg = Debug|Any CPU
		{C3C88927-83BC-455D-A109-00C0BCB7DE65}.Debug|Any CPU.Build.0 = Debug|Any CPU
		{C3C88927-83BC-455D-A109-00C0BCB7DE65}.Debug|x64.ActiveCfg = Debug|Any CPU
		{C3C88927-83BC-455D-A109-00C0BCB7DE65}.Debug|x64.Build.0 = Debug|Any CPU
		{C3C88927-83BC-455D-A109-00C0BCB7DE65}.Debug|x86.ActiveCfg = Debug|Any CPU
		{C3C88927-83BC-455D-A109-00C0BCB7DE65}.Debug|x86.Build.0 = Debug|Any CPU
		{C3C88927-83BC-455D-A109-00C0BCB7DE65}.Release|Any CPU.ActiveCfg = Release|Any CPU
		{C3C88927-83BC-455D-A109-00C0BCB7DE65}.Release|Any CPU.Build.0 = Release|Any CPU
		{C3C88927-83BC-455D-A109-00C0BCB7DE65}.Release|x64.ActiveCfg = Release|Any CPU
		{C3C88927-83BC-455D-A109-00C0BCB7DE65}.Release|x64.Build.0 = Release|Any CPU
		{C3C88927-83BC-455D-A109-00C0BCB7DE65}.Release|x86.ActiveCfg = Release|Any CPU
		{C3C88927-83BC-455D-A109-00C0BCB7DE65}.Release|x86.Build.0 = Release|Any CPU
		{2C46C2E3-013E-4429-9D4C-B82130DBFB12}.Debug|Any CPU.ActiveCfg = Debug|Any CPU
		{2C46C2E3-013E-4429-9D4C-B82130DBFB12}.Debug|Any CPU.Build.0 = Debug|Any CPU
		{2C46C2E3-013E-4429-9D4C-B82130DBFB12}.Debug|x64.ActiveCfg = Debug|Any CPU
		{2C46C2E3-013E-4429-9D4C-B82130DBFB12}.Debug|x64.Build.0 = Debug|Any CPU
		{2C46C2E3-013E-4429-9D4C-B82130DBFB12}.Debug|x86.ActiveCfg = Debug|Any CPU
		{2C46C2E3-013E-4429-9D4C-B82130DBFB12}.Debug|x86.Build.0 = Debug|Any CPU
		{2C46C2E3-013E-4429-9D4C-B82130DBFB12}.Release|Any CPU.ActiveCfg = Release|Any CPU
		{2C46C2E3-013E-4429-9D4C-B82130DBFB12}.Release|Any CPU.Build.0 = Release|Any CPU
		{2C46C2E3-013E-4429-9D4C-B82130DBFB12}.Release|x64.ActiveCfg = Release|Any CPU
		{2C46C2E3-013E-4429-9D4C-B82130DBFB12}.Release|x64.Build.0 = Release|Any CPU
		{2C46C2E3-013E-4429-9D4C-B82130DBFB12}.Release|x86.ActiveCfg = Release|Any CPU
		{2C46C2E3-013E-4429-9D4C-B82130DBFB12}.Release|x86.Build.0 = Release|Any CPU
	EndGlobalSection
EndGlobal
